
Microsoft Visual Studio Solution File, Format Version 12.00
# Visual Studio Version 17
VisualStudioVersion = 17.5.33530.505
MinimumVisualStudioVersion = 10.0.40219.1
Project("{9A19103F-16F7-4668-BE54-9A1E7A4F7556}") = "ETicaret.Entities", "E-Ticaret\ETicaret.Entities.csproj", "{94A77BD3-1F12-41F5-88A3-1A9D906F9BE1}"
EndProject
Project("{9A19103F-16F7-4668-BE54-9A1E7A4F7556}") = "ETicaret.DataAccess", "E_Ticaret.DataAccess\ETicaret.DataAccess.csproj", "{03443CFB-A043-4E89-BD19-A93E6A79B4A4}"
EndProject
Project("{FAE04EC0-301F-11D3-BF4B-00C04F79EFBC}") = "ETicaret.Business", "ETicaret.Business\ETicaret.Business.csproj", "{4D871151-5E13-4D2A-81AE-1D56AAD6C371}"
EndProject
Global
	GlobalSection(SolutionConfigurationPlatforms) = preSolution
		Debug|Any CPU = Debug|Any CPU
		Release|Any CPU = Release|Any CPU
	EndGlobalSection
	GlobalSection(ProjectConfigurationPlatforms) = postSolution
		{94A77BD3-1F12-41F5-88A3-1A9D906F9BE1}.Debug|Any CPU.ActiveCfg = Debug|Any CPU
		{94A77BD3-1F12-41F5-88A3-1A9D906F9BE1}.Debug|Any CPU.Build.0 = Debug|Any CPU
		{94A77BD3-1F12-41F5-88A3-1A9D906F9BE1}.Release|Any CPU.ActiveCfg = Release|Any CPU
		{94A77BD3-1F12-41F5-88A3-1A9D906F9BE1}.Release|Any CPU.Build.0 = Release|Any CPU
		{03443CFB-A043-4E89-BD19-A93E6A79B4A4}.Debug|Any CPU.ActiveCfg = Debug|Any CPU
		{03443CFB-A043-4E89-BD19-A93E6A79B4A4}.Debug|Any CPU.Build.0 = Debug|Any CPU
		{03443CFB-A043-4E89-BD19-A93E6A79B4A4}.Release|Any CPU.ActiveCfg = Release|Any CPU
		{03443CFB-A043-4E89-BD19-A93E6A79B4A4}.Release|Any CPU.Build.0 = Release|Any CPU
		{4D871151-5E13-4D2A-81AE-1D56AAD6C371}.Debug|Any CPU.ActiveCfg = Debug|Any CPU
		{4D871151-5E13-4D2A-81AE-1D56AAD6C371}.Debug|Any CPU.Build.0 = Debug|Any CPU
		{4D871151-5E13-4D2A-81AE-1D56AAD6C371}.Release|Any CPU.ActiveCfg = Release|Any CPU
		{4D871151-5E13-4D2A-81AE-1D56AAD6C371}.Release|Any CPU.Build.0 = Release|Any CPU
	EndGlobalSection
	GlobalSection(SolutionProperties) = preSolution
		HideSolutionNode = FALSE
	EndGlobalSection
	GlobalSection(ExtensibilityGlobals) = postSolution
		SolutionGuid = {3AEE0242-8FB9-45A9-81C3-5F106D4DEA44}
	EndGlobalSection
EndGlobal
